// !$*UTF8*$!
{
	archiveVersion = 1;
	classes = {
	};
	objectVersion = 52;
	objects = {

/* Begin PBXBuildFile section */
		2359C7A2268ECDC4000F5A2E /* VideoPlaylistExerciseApp.swift in Sources */ = {isa = PBXBuildFile; fileRef = 2359C7A1268ECDC4000F5A2E /* VideoPlaylistExerciseApp.swift */; };
		2359C7A4268ECDC4000F5A2E /* VideoHomeView.swift in Sources */ = {isa = PBXBuildFile; fileRef = 2359C7A3268ECDC4000F5A2E /* VideoHomeView.swift */; };
		2359C7A6268ECDC6000F5A2E /* Assets.xcassets in Resources */ = {isa = PBXBuildFile; fileRef = 2359C7A5268ECDC6000F5A2E /* Assets.xcassets */; };
		2359C7A9268ECDC6000F5A2E /* Preview Assets.xcassets in Resources */ = {isa = PBXBuildFile; fileRef = 2359C7A8268ECDC6000F5A2E /* Preview Assets.xcassets */; };
		2359C7B2268EDDB0000F5A2E /* Alamofire in Frameworks */ = {isa = PBXBuildFile; productRef = 2359C7B1268EDDB0000F5A2E /* Alamofire */; };
		2359C7B5268EDDEF000F5A2E /* SwiftyJSON in Frameworks */ = {isa = PBXBuildFile; productRef = 2359C7B4268EDDEF000F5A2E /* SwiftyJSON */; };
		2359C7BF268EDF9A000F5A2E /* VideoHomeViewModel.swift in Sources */ = {isa = PBXBuildFile; fileRef = 2359C7BE268EDF9A000F5A2E /* VideoHomeViewModel.swift */; };
		2359C7C4268EE023000F5A2E /* VideoListInfo.swift in Sources */ = {isa = PBXBuildFile; fileRef = 2359C7C3268EE023000F5A2E /* VideoListInfo.swift */; };
		2359C7C6268EE032000F5A2E /* VideoInfo.swift in Sources */ = {isa = PBXBuildFile; fileRef = 2359C7C5268EE032000F5A2E /* VideoInfo.swift */; };
		2359C7C9268EE396000F5A2E /* VideoPlaylistRepository.swift in Sources */ = {isa = PBXBuildFile; fileRef = 2359C7C8268EE396000F5A2E /* VideoPlaylistRepository.swift */; };
		2359C7CD268EE3DC000F5A2E /* VideoPlaylistRepositoryImpl.swift in Sources */ = {isa = PBXBuildFile; fileRef = 2359C7CC268EE3DC000F5A2E /* VideoPlaylistRepositoryImpl.swift */; };
		2359C7D0268EE4CA000F5A2E /* RxSwift in Frameworks */ = {isa = PBXBuildFile; productRef = 2359C7CF268EE4CA000F5A2E /* RxSwift */; };
		2359C7D4268EE4CA000F5A2E /* RxRelay in Frameworks */ = {isa = PBXBuildFile; productRef = 2359C7D3268EE4CA000F5A2E /* RxRelay */; };
		2359C7D6268EE4CA000F5A2E /* RxCocoa in Frameworks */ = {isa = PBXBuildFile; productRef = 2359C7D5268EE4CA000F5A2E /* RxCocoa */; };
		2359C7D8268EE4CA000F5A2E /* RxBlocking in Frameworks */ = {isa = PBXBuildFile; productRef = 2359C7D7268EE4CA000F5A2E /* RxBlocking */; };
		2359C7DB268EECB7000F5A2E /* Kingfisher in Frameworks */ = {isa = PBXBuildFile; productRef = 2359C7DA268EECB7000F5A2E /* Kingfisher */; };
		2359C7DD268EED7C000F5A2E /* VideoHomeContentView.swift in Sources */ = {isa = PBXBuildFile; fileRef = 2359C7DC268EED7C000F5A2E /* VideoHomeContentView.swift */; };
		2359C7E1268EFD9D000F5A2E /* VideoDetailView.swift in Sources */ = {isa = PBXBuildFile; fileRef = 2359C7E0268EFD9D000F5A2E /* VideoDetailView.swift */; };
		237B37E92690E6DC00F2B149 /* PersistenceHandlerImpl.swift in Sources */ = {isa = PBXBuildFile; fileRef = 237B37E82690E6DC00F2B149 /* PersistenceHandlerImpl.swift */; };
		237B37ED2690F1A400F2B149 /* PersistenceHandler.swift in Sources */ = {isa = PBXBuildFile; fileRef = 237B37EC2690F1A400F2B149 /* PersistenceHandler.swift */; };
		23DA42C62692F4B400EDCD40 /* Realm in Frameworks */ = {isa = PBXBuildFile; productRef = 23DA42C52692F4B400EDCD40 /* Realm */; };
		23DA42C82692F4B400EDCD40 /* RealmSwift in Frameworks */ = {isa = PBXBuildFile; productRef = 23DA42C72692F4B400EDCD40 /* RealmSwift */; };
/* End PBXBuildFile section */

/* Begin PBXFileReference section */
		2359C79E268ECDC4000F5A2E /* VideoPlaylistExercise.app */ = {isa = PBXFileReference; explicitFileType = wrapper.application; includeInIndex = 0; path = VideoPlaylistExercise.app; sourceTree = BUILT_PRODUCTS_DIR; };
		2359C7A1268ECDC4000F5A2E /* VideoPlaylistExerciseApp.swift */ = {isa = PBXFileReference; lastKnownFileType = sourcecode.swift; path = VideoPlaylistExerciseApp.swift; sourceTree = "<group>"; };
		2359C7A3268ECDC4000F5A2E /* VideoHomeView.swift */ = {isa = PBXFileReference; lastKnownFileType = sourcecode.swift; path = VideoHomeView.swift; sourceTree = "<group>"; };
		2359C7A5268ECDC6000F5A2E /* Assets.xcassets */ = {isa = PBXFileReference; lastKnownFileType = folder.assetcatalog; path = Assets.xcassets; sourceTree = "<group>"; };
		2359C7A8268ECDC6000F5A2E /* Preview Assets.xcassets */ = {isa = PBXFileReference; lastKnownFileType = folder.assetcatalog; path = "Preview Assets.xcassets"; sourceTree = "<group>"; };
		2359C7AA268ECDC6000F5A2E /* Info.plist */ = {isa = PBXFileReference; lastKnownFileType = text.plist.xml; path = Info.plist; sourceTree = "<group>"; };
		2359C7BE268EDF9A000F5A2E /* VideoHomeViewModel.swift */ = {isa = PBXFileReference; lastKnownFileType = sourcecode.swift; path = VideoHomeViewModel.swift; sourceTree = "<group>"; };
		2359C7C3268EE023000F5A2E /* VideoListInfo.swift */ = {isa = PBXFileReference; lastKnownFileType = sourcecode.swift; path = VideoListInfo.swift; sourceTree = "<group>"; };
		2359C7C5268EE032000F5A2E /* VideoInfo.swift */ = {isa = PBXFileReference; lastKnownFileType = sourcecode.swift; path = VideoInfo.swift; sourceTree = "<group>"; };
		2359C7C8268EE396000F5A2E /* VideoPlaylistRepository.swift */ = {isa = PBXFileReference; lastKnownFileType = sourcecode.swift; path = VideoPlaylistRepository.swift; sourceTree = "<group>"; };
		2359C7CC268EE3DC000F5A2E /* VideoPlaylistRepositoryImpl.swift */ = {isa = PBXFileReference; lastKnownFileType = sourcecode.swift; path = VideoPlaylistRepositoryImpl.swift; sourceTree = "<group>"; };
		2359C7DC268EED7C000F5A2E /* VideoHomeContentView.swift */ = {isa = PBXFileReference; lastKnownFileType = sourcecode.swift; path = VideoHomeContentView.swift; sourceTree = "<group>"; };
		2359C7E0268EFD9D000F5A2E /* VideoDetailView.swift */ = {isa = PBXFileReference; lastKnownFileType = sourcecode.swift; path = VideoDetailView.swift; sourceTree = "<group>"; };
		237B37E82690E6DC00F2B149 /* PersistenceHandlerImpl.swift */ = {isa = PBXFileReference; lastKnownFileType = sourcecode.swift; path = PersistenceHandlerImpl.swift; sourceTree = "<group>"; };
		237B37EC2690F1A400F2B149 /* PersistenceHandler.swift */ = {isa = PBXFileReference; lastKnownFileType = sourcecode.swift; path = PersistenceHandler.swift; sourceTree = "<group>"; };
/* End PBXFileReference section */

/* Begin PBXFrameworksBuildPhase section */
		2359C79B268ECDC4000F5A2E /* Frameworks */ = {
			isa = PBXFrameworksBuildPhase;
			buildActionMask = 2147483647;
			files = (
				2359C7D4268EE4CA000F5A2E /* RxRelay in Frameworks */,
				2359C7D6268EE4CA000F5A2E /* RxCocoa in Frameworks */,
				2359C7B5268EDDEF000F5A2E /* SwiftyJSON in Frameworks */,
				23DA42C82692F4B400EDCD40 /* RealmSwift in Frameworks */,
				2359C7DB268EECB7000F5A2E /* Kingfisher in Frameworks */,
				2359C7D8268EE4CA000F5A2E /* RxBlocking in Frameworks */,
				2359C7D0268EE4CA000F5A2E /* RxSwift in Frameworks */,
				23DA42C62692F4B400EDCD40 /* Realm in Frameworks */,
				2359C7B2268EDDB0000F5A2E /* Alamofire in Frameworks */,
			);
			runOnlyForDeploymentPostprocessing = 0;
		};
/* End PBXFrameworksBuildPhase section */

/* Begin PBXGroup section */
		2359C795268ECDC4000F5A2E = {
			isa = PBXGroup;
			children = (
				2359C7A0268ECDC4000F5A2E /* VideoPlaylistExercise */,
				2359C79F268ECDC4000F5A2E /* Products */,
			);
			sourceTree = "<group>";
		};
		2359C79F268ECDC4000F5A2E /* Products */ = {
			isa = PBXGroup;
			children = (
				2359C79E268ECDC4000F5A2E /* VideoPlaylistExercise.app */,
			);
			name = Products;
			sourceTree = "<group>";
		};
		2359C7A0268ECDC4000F5A2E /* VideoPlaylistExercise */ = {
			isa = PBXGroup;
			children = (
				2359C7A5268ECDC6000F5A2E /* Assets.xcassets */,
				2359C7C0268EDFE7000F5A2E /* data */,
				2359C7C7268EE386000F5A2E /* domain */,
				2359C7AA268ECDC6000F5A2E /* Info.plist */,
				2359C7BA268EDF0A000F5A2E /* presentation */,
				2359C7A7268ECDC6000F5A2E /* Preview Content */,
				2359C7A1268ECDC4000F5A2E /* VideoPlaylistExerciseApp.swift */,
			);
			path = VideoPlaylistExercise;
			sourceTree = "<group>";
		};
		2359C7A7268ECDC6000F5A2E /* Preview Content */ = {
			isa = PBXGroup;
			children = (
				2359C7A8268ECDC6000F5A2E /* Preview Assets.xcassets */,
			);
			path = "Preview Content";
			sourceTree = "<group>";
		};
		2359C7BA268EDF0A000F5A2E /* presentation */ = {
			isa = PBXGroup;
			children = (
				2359C7BB268EDF18000F5A2E /* home */,
				2359C7DE268EFD5E000F5A2E /* videodetail */,
			);
			path = presentation;
			sourceTree = "<group>";
		};
		2359C7BB268EDF18000F5A2E /* home */ = {
			isa = PBXGroup;
			children = (
				2359C7BC268EDF1E000F5A2E /* view */,
				2359C7BD268EDF23000F5A2E /* viewmodel */,
			);
			path = home;
			sourceTree = "<group>";
		};
		2359C7BC268EDF1E000F5A2E /* view */ = {
			isa = PBXGroup;
			children = (
				2359C7DC268EED7C000F5A2E /* VideoHomeContentView.swift */,
				2359C7A3268ECDC4000F5A2E /* VideoHomeView.swift */,
			);
			path = view;
			sourceTree = "<group>";
		};
		2359C7BD268EDF23000F5A2E /* viewmodel */ = {
			isa = PBXGroup;
			children = (
				2359C7BE268EDF9A000F5A2E /* VideoHomeViewModel.swift */,
			);
			path = viewmodel;
			sourceTree = "<group>";
		};
		2359C7C0268EDFE7000F5A2E /* data */ = {
			isa = PBXGroup;
			children = (
				237B37EB2690EF9200F2B149 /* local */,
				237B37EA2690EF7800F2B149 /* network */,
				2359C7C1268EDFF0000F5A2E /* repository */,
			);
			path = data;
			sourceTree = "<group>";
		};
		2359C7C1268EDFF0000F5A2E /* repository */ = {
			isa = PBXGroup;
			children = (
				2359C7CC268EE3DC000F5A2E /* VideoPlaylistRepositoryImpl.swift */,
			);
			path = repository;
			sourceTree = "<group>";
		};
		2359C7C2268EDFF6000F5A2E /* model */ = {
			isa = PBXGroup;
			children = (
				2359C7C5268EE032000F5A2E /* VideoInfo.swift */,
				2359C7C3268EE023000F5A2E /* VideoListInfo.swift */,
			);
			path = model;
			sourceTree = "<group>";
		};
		2359C7C7268EE386000F5A2E /* domain */ = {
			isa = PBXGroup;
			children = (
				237B37EC2690F1A400F2B149 /* PersistenceHandler.swift */,
				2359C7C8268EE396000F5A2E /* VideoPlaylistRepository.swift */,
			);
			path = domain;
			sourceTree = "<group>";
		};
		2359C7DE268EFD5E000F5A2E /* videodetail */ = {
			isa = PBXGroup;
			children = (
				2359C7DF268EFD6B000F5A2E /* view */,
			);
			path = videodetail;
			sourceTree = "<group>";
		};
		2359C7DF268EFD6B000F5A2E /* view */ = {
			isa = PBXGroup;
			children = (
				2359C7E0268EFD9D000F5A2E /* VideoDetailView.swift */,
			);
			path = view;
			sourceTree = "<group>";
		};
		237B37EA2690EF7800F2B149 /* network */ = {
			isa = PBXGroup;
			children = (
				2359C7C2268EDFF6000F5A2E /* model */,
			);
			path = network;
			sourceTree = "<group>";
		};
		237B37EB2690EF9200F2B149 /* local */ = {
			isa = PBXGroup;
			children = (
				237B37E82690E6DC00F2B149 /* PersistenceHandlerImpl.swift */,
			);
			path = local;
			sourceTree = "<group>";
		};
/* End PBXGroup section */

/* Begin PBXNativeTarget section */
		2359C79D268ECDC4000F5A2E /* VideoPlaylistExercise */ = {
			isa = PBXNativeTarget;
			buildConfigurationList = 2359C7AD268ECDC6000F5A2E /* Build configuration list for PBXNativeTarget "VideoPlaylistExercise" */;
			buildPhases = (
				2359C79A268ECDC4000F5A2E /* Sources */,
				2359C79B268ECDC4000F5A2E /* Frameworks */,
				2359C79C268ECDC4000F5A2E /* Resources */,
			);
			buildRules = (
			);
			dependencies = (
			);
			name = VideoPlaylistExercise;
			packageProductDependencies = (
				2359C7B1268EDDB0000F5A2E /* Alamofire */,
				2359C7B4268EDDEF000F5A2E /* SwiftyJSON */,
				2359C7CF268EE4CA000F5A2E /* RxSwift */,
				2359C7D3268EE4CA000F5A2E /* RxRelay */,
				2359C7D5268EE4CA000F5A2E /* RxCocoa */,
				2359C7D7268EE4CA000F5A2E /* RxBlocking */,
				2359C7DA268EECB7000F5A2E /* Kingfisher */,
				23DA42C52692F4B400EDCD40 /* Realm */,
				23DA42C72692F4B400EDCD40 /* RealmSwift */,
			);
			productName = VideoPlaylistExercise;
			productReference = 2359C79E268ECDC4000F5A2E /* VideoPlaylistExercise.app */;
			productType = "com.apple.product-type.application";
		};
/* End PBXNativeTarget section */

/* Begin PBXProject section */
		2359C796268ECDC4000F5A2E /* Project object */ = {
			isa = PBXProject;
			attributes = {
				LastSwiftUpdateCheck = 1250;
				LastUpgradeCheck = 1250;
				TargetAttributes = {
					2359C79D268ECDC4000F5A2E = {
						CreatedOnToolsVersion = 12.5.1;
					};
				};
			};
			buildConfigurationList = 2359C799268ECDC4000F5A2E /* Build configuration list for PBXProject "VideoPlaylistExercise" */;
			compatibilityVersion = "Xcode 9.3";
			developmentRegion = en;
			hasScannedForEncodings = 0;
			knownRegions = (
				en,
				Base,
			);
			mainGroup = 2359C795268ECDC4000F5A2E;
			packageReferences = (
				2359C7B0268EDDB0000F5A2E /* XCRemoteSwiftPackageReference "Alamofire" */,
				2359C7B3268EDDEF000F5A2E /* XCRemoteSwiftPackageReference "SwiftyJSON" */,
				2359C7B6268EDE4E000F5A2E /* XCRemoteSwiftPackageReference "SDWebImageSwiftUI" */,
				2359C7CE268EE4CA000F5A2E /* XCRemoteSwiftPackageReference "RxSwift" */,
				2359C7D9268EECB7000F5A2E /* XCRemoteSwiftPackageReference "Kingfisher" */,
				23DA42C42692F4B400EDCD40 /* XCRemoteSwiftPackageReference "realm-cocoa" */,
			);
			productRefGroup = 2359C79F268ECDC4000F5A2E /* Products */;
			projectDirPath = "";
			projectRoot = "";
			targets = (
				2359C79D268ECDC4000F5A2E /* VideoPlaylistExercise */,
			);
		};
/* End PBXProject section */

/* Begin PBXResourcesBuildPhase section */
		2359C79C268ECDC4000F5A2E /* Resources */ = {
			isa = PBXResourcesBuildPhase;
			buildActionMask = 2147483647;
			files = (
				2359C7A9268ECDC6000F5A2E /* Preview Assets.xcassets in Resources */,
				2359C7A6268ECDC6000F5A2E /* Assets.xcassets in Resources */,
			);
			runOnlyForDeploymentPostprocessing = 0;
		};
/* End PBXResourcesBuildPhase section */

/* Begin PBXSourcesBuildPhase section */
		2359C79A268ECDC4000F5A2E /* Sources */ = {
			isa = PBXSourcesBuildPhase;
			buildActionMask = 2147483647;
			files = (
				2359C7A4268ECDC4000F5A2E /* VideoHomeView.swift in Sources */,
				2359C7C9268EE396000F5A2E /* VideoPlaylistRepository.swift in Sources */,
				237B37E92690E6DC00F2B149 /* PersistenceHandlerImpl.swift in Sources */,
				2359C7C4268EE023000F5A2E /* VideoListInfo.swift in Sources */,
				2359C7DD268EED7C000F5A2E /* VideoHomeContentView.swift in Sources */,
				2359C7E1268EFD9D000F5A2E /* VideoDetailView.swift in Sources */,
				237B37ED2690F1A400F2B149 /* PersistenceHandler.swift in Sources */,
				2359C7C6268EE032000F5A2E /* VideoInfo.swift in Sources */,
				2359C7BF268EDF9A000F5A2E /* VideoHomeViewModel.swift in Sources */,
				2359C7CD268EE3DC000F5A2E /* VideoPlaylistRepositoryImpl.swift in Sources */,
				2359C7A2268ECDC4000F5A2E /* VideoPlaylistExerciseApp.swift in Sources */,
			);
			runOnlyForDeploymentPostprocessing = 0;
		};
/* End PBXSourcesBuildPhase section */

/* Begin XCBuildConfiguration section */
		2359C7AB268ECDC6000F5A2E /* Debug */ = {
			isa = XCBuildConfiguration;
			buildSettings = {
				ALWAYS_SEARCH_USER_PATHS = NO;
				CLANG_ANALYZER_NONNULL = YES;
				CLANG_ANALYZER_NUMBER_OBJECT_CONVERSION = YES_AGGRESSIVE;
				CLANG_CXX_LANGUAGE_STANDARD = "gnu++14";
				CLANG_CXX_LIBRARY = "libc++";
				CLANG_ENABLE_MODULES = YES;
				CLANG_ENABLE_OBJC_ARC = YES;
				CLANG_ENABLE_OBJC_WEAK = YES;
				CLANG_WARN_BLOCK_CAPTURE_AUTORELEASING = YES;
				CLANG_WARN_BOOL_CONVERSION = YES;
				CLANG_WARN_COMMA = YES;
				CLANG_WARN_CONSTANT_CONVERSION = YES;
				CLANG_WARN_DEPRECATED_OBJC_IMPLEMENTATIONS = YES;
				CLANG_WARN_DIRECT_OBJC_ISA_USAGE = YES_ERROR;
				CLANG_WARN_DOCUMENTATION_COMMENTS = YES;
				CLANG_WARN_EMPTY_BODY = YES;
				CLANG_WARN_ENUM_CONVERSION = YES;
				CLANG_WARN_INFINITE_RECURSION = YES;
				CLANG_WARN_INT_CONVERSION = YES;
				CLANG_WARN_NON_LITERAL_NULL_CONVERSION = YES;
				CLANG_WARN_OBJC_IMPLICIT_RETAIN_SELF = YES;
				CLANG_WARN_OBJC_LITERAL_CONVERSION = YES;
				CLANG_WARN_OBJC_ROOT_CLASS = YES_ERROR;
				CLANG_WARN_QUOTED_INCLUDE_IN_FRAMEWORK_HEADER = YES;
				CLANG_WARN_RANGE_LOOP_ANALYSIS = YES;
				CLANG_WARN_STRICT_PROTOTYPES = YES;
				CLANG_WARN_SUSPICIOUS_MOVE = YES;
				CLANG_WARN_UNGUARDED_AVAILABILITY = YES_AGGRESSIVE;
				CLANG_WARN_UNREACHABLE_CODE = YES;
				CLANG_WARN__DUPLICATE_METHOD_MATCH = YES;
				COPY_PHASE_STRIP = NO;
				DEBUG_INFORMATION_FORMAT = dwarf;
				ENABLE_STRICT_OBJC_MSGSEND = YES;
				ENABLE_TESTABILITY = YES;
				GCC_C_LANGUAGE_STANDARD = gnu11;
				GCC_DYNAMIC_NO_PIC = NO;
				GCC_NO_COMMON_BLOCKS = YES;
				GCC_OPTIMIZATION_LEVEL = 0;
				GCC_PREPROCESSOR_DEFINITIONS = (
					"DEBUG=1",
					"$(inherited)",
				);
				GCC_WARN_64_TO_32_BIT_CONVERSION = YES;
				GCC_WARN_ABOUT_RETURN_TYPE = YES_ERROR;
				GCC_WARN_UNDECLARED_SELECTOR = YES;
				GCC_WARN_UNINITIALIZED_AUTOS = YES_AGGRESSIVE;
				GCC_WARN_UNUSED_FUNCTION = YES;
				GCC_WARN_UNUSED_VARIABLE = YES;
				IPHONEOS_DEPLOYMENT_TARGET = 14.5;
				MTL_ENABLE_DEBUG_INFO = INCLUDE_SOURCE;
				MTL_FAST_MATH = YES;
				ONLY_ACTIVE_ARCH = YES;
				SDKROOT = iphoneos;
				SWIFT_ACTIVE_COMPILATION_CONDITIONS = DEBUG;
				SWIFT_OPTIMIZATION_LEVEL = "-Onone";
			};
			name = Debug;
		};
		2359C7AC268ECDC6000F5A2E /* Release */ = {
			isa = XCBuildConfiguration;
			buildSettings = {
				ALWAYS_SEARCH_USER_PATHS = NO;
				CLANG_ANALYZER_NONNULL = YES;
				CLANG_ANALYZER_NUMBER_OBJECT_CONVERSION = YES_AGGRESSIVE;
				CLANG_CXX_LANGUAGE_STANDARD = "gnu++14";
				CLANG_CXX_LIBRARY = "libc++";
				CLANG_ENABLE_MODULES = YES;
				CLANG_ENABLE_OBJC_ARC = YES;
				CLANG_ENABLE_OBJC_WEAK = YES;
				CLANG_WARN_BLOCK_CAPTURE_AUTORELEASING = YES;
				CLANG_WARN_BOOL_CONVERSION = YES;
				CLANG_WARN_COMMA = YES;
				CLANG_WARN_CONSTANT_CONVERSION = YES;
				CLANG_WARN_DEPRECATED_OBJC_IMPLEMENTATIONS = YES;
				CLANG_WARN_DIRECT_OBJC_ISA_USAGE = YES_ERROR;
				CLANG_WARN_DOCUMENTATION_COMMENTS = YES;
				CLANG_WARN_EMPTY_BODY = YES;
				CLANG_WARN_ENUM_CONVERSION = YES;
				CLANG_WARN_INFINITE_RECURSION = YES;
				CLANG_WARN_INT_CONVERSION = YES;
				CLANG_WARN_NON_LITERAL_NULL_CONVERSION = YES;
				CLANG_WARN_OBJC_IMPLICIT_RETAIN_SELF = YES;
				CLANG_WARN_OBJC_LITERAL_CONVERSION = YES;
				CLANG_WARN_OBJC_ROOT_CLASS = YES_ERROR;
				CLANG_WARN_QUOTED_INCLUDE_IN_FRAMEWORK_HEADER = YES;
				CLANG_WARN_RANGE_LOOP_ANALYSIS = YES;
				CLANG_WARN_STRICT_PROTOTYPES = YES;
				CLANG_WARN_SUSPICIOUS_MOVE = YES;
				CLANG_WARN_UNGUARDED_AVAILABILITY = YES_AGGRESSIVE;
				CLANG_WARN_UNREACHABLE_CODE = YES;
				CLANG_WARN__DUPLICATE_METHOD_MATCH = YES;
				COPY_PHASE_STRIP = NO;
				DEBUG_INFORMATION_FORMAT = "dwarf-with-dsym";
				ENABLE_NS_ASSERTIONS = NO;
				ENABLE_STRICT_OBJC_MSGSEND = YES;
				GCC_C_LANGUAGE_STANDARD = gnu11;
				GCC_NO_COMMON_BLOCKS = YES;
				GCC_WARN_64_TO_32_BIT_CONVERSION = YES;
				GCC_WARN_ABOUT_RETURN_TYPE = YES_ERROR;
				GCC_WARN_UNDECLARED_SELECTOR = YES;
				GCC_WARN_UNINITIALIZED_AUTOS = YES_AGGRESSIVE;
				GCC_WARN_UNUSED_FUNCTION = YES;
				GCC_WARN_UNUSED_VARIABLE = YES;
				IPHONEOS_DEPLOYMENT_TARGET = 14.5;
				MTL_ENABLE_DEBUG_INFO = NO;
				MTL_FAST_MATH = YES;
				SDKROOT = iphoneos;
				SWIFT_COMPILATION_MODE = wholemodule;
				SWIFT_OPTIMIZATION_LEVEL = "-O";
				VALIDATE_PRODUCT = YES;
			};
			name = Release;
		};
		2359C7AE268ECDC6000F5A2E /* Debug */ = {
			isa = XCBuildConfiguration;
			buildSettings = {
				ASSETCATALOG_COMPILER_APPICON_NAME = AppIcon;
				ASSETCATALOG_COMPILER_GLOBAL_ACCENT_COLOR_NAME = AccentColor;
				CODE_SIGN_STYLE = Automatic;
				DEVELOPMENT_ASSET_PATHS = "\"VideoPlaylistExercise/Preview Content\"";
				ENABLE_PREVIEWS = YES;
				INFOPLIST_FILE = VideoPlaylistExercise/Info.plist;
				IPHONEOS_DEPLOYMENT_TARGET = 14.0;
				LD_RUNPATH_SEARCH_PATHS = (
					"$(inherited)",
					"@executable_path/Frameworks",
				);
				PRODUCT_BUNDLE_IDENTIFIER = com.adrian.VideoPlaylistExercise;
				PRODUCT_NAME = "$(TARGET_NAME)";
				SWIFT_VERSION = 5.0;
				TARGETED_DEVICE_FAMILY = "1,2";
			};
			name = Debug;
		};
		2359C7AF268ECDC6000F5A2E /* Release */ = {
			isa = XCBuildConfiguration;
			buildSettings = {
				ASSETCATALOG_COMPILER_APPICON_NAME = AppIcon;
				ASSETCATALOG_COMPILER_GLOBAL_ACCENT_COLOR_NAME = AccentColor;
				CODE_SIGN_STYLE = Automatic;
				DEVELOPMENT_ASSET_PATHS = "\"VideoPlaylistExercise/Preview Content\"";
				ENABLE_PREVIEWS = YES;
				INFOPLIST_FILE = VideoPlaylistExercise/Info.plist;
				IPHONEOS_DEPLOYMENT_TARGET = 14.0;
				LD_RUNPATH_SEARCH_PATHS = (
					"$(inherited)",
					"@executable_path/Frameworks",
				);
				PRODUCT_BUNDLE_IDENTIFIER = com.adrian.VideoPlaylistExercise;
				PRODUCT_NAME = "$(TARGET_NAME)";
				SWIFT_VERSION = 5.0;
				TARGETED_DEVICE_FAMILY = "1,2";
			};
			name = Release;
		};
/* End XCBuildConfiguration section */

/* Begin XCConfigurationList section */
		2359C799268ECDC4000F5A2E /* Build configuration list for PBXProject "VideoPlaylistExercise" */ = {
			isa = XCConfigurationList;
			buildConfigurations = (
				2359C7AB268ECDC6000F5A2E /* Debug */,
				2359C7AC268ECDC6000F5A2E /* Release */,
			);
			defaultConfigurationIsVisible = 0;
			defaultConfigurationName = Release;
		};
		2359C7AD268ECDC6000F5A2E /* Build configuration list for PBXNativeTarget "VideoPlaylistExercise" */ = {
			isa = XCConfigurationList;
			buildConfigurations = (
				2359C7AE268ECDC6000F5A2E /* Debug */,
				2359C7AF268ECDC6000F5A2E /* Release */,
			);
			defaultConfigurationIsVisible = 0;
			defaultConfigurationName = Release;
		};
/* End XCConfigurationList section */

/* Begin XCRemoteSwiftPackageReference section */
		2359C7B0268EDDB0000F5A2E /* XCRemoteSwiftPackageReference "Alamofire" */ = {
			isa = XCRemoteSwiftPackageReference;
			repositoryURL = "https://github.com/Alamofire/Alamofire.git";
			requirement = {
				kind = upToNextMajorVersion;
				minimumVersion = 5.4.3;
			};
		};
		2359C7B3268EDDEF000F5A2E /* XCRemoteSwiftPackageReference "SwiftyJSON" */ = {
			isa = XCRemoteSwiftPackageReference;
			repositoryURL = "https://github.com/SwiftyJSON/SwiftyJSON.git";
			requirement = {
				kind = upToNextMajorVersion;
				minimumVersion = 5.0.1;
			};
		};
		2359C7B6268EDE4E000F5A2E /* XCRemoteSwiftPackageReference "SDWebImageSwiftUI" */ = {
			isa = XCRemoteSwiftPackageReference;
			repositoryURL = "https://github.com/SDWebImage/SDWebImageSwiftUI.git";
			requirement = {
				kind = upToNextMajorVersion;
				minimumVersion = 2.0.2;
			};
		};
		2359C7CE268EE4CA000F5A2E /* XCRemoteSwiftPackageReference "RxSwift" */ = {
			isa = XCRemoteSwiftPackageReference;
			repositoryURL = "https://github.com/ReactiveX/RxSwift.git";
			requirement = {
				kind = upToNextMajorVersion;
				minimumVersion = 6.2.0;
			};
		};
		2359C7D9268EECB7000F5A2E /* XCRemoteSwiftPackageReference "Kingfisher" */ = {
			isa = XCRemoteSwiftPackageReference;
			repositoryURL = "https://github.com/onevcat/Kingfisher.git";
			requirement = {
				kind = upToNextMajorVersion;
				minimumVersion = 6.3.0;
			};
		};
		23DA42C42692F4B400EDCD40 /* XCRemoteSwiftPackageReference "realm-cocoa" */ = {
			isa = XCRemoteSwiftPackageReference;
			repositoryURL = "https://github.com/realm/realm-cocoa.git";
			requirement = {
				kind = upToNextMajorVersion;
				minimumVersion = 10.9.0;
			};
		};
/* End XCRemoteSwiftPackageReference section */

/* Begin XCSwiftPackageProductDependency section */
		2359C7B1268EDDB0000F5A2E /* Alamofire */ = {
			isa = XCSwiftPackageProductDependency;
			package = 2359C7B0268EDDB0000F5A2E /* XCRemoteSwiftPackageReference "Alamofire" */;
			productName = Alamofire;
		};
		2359C7B4268EDDEF000F5A2E /* SwiftyJSON */ = {
			isa = XCSwiftPackageProductDependency;
			package = 2359C7B3268EDDEF000F5A2E /* XCRemoteSwiftPackageReference "SwiftyJSON" */;
			productName = SwiftyJSON;
		};
		2359C7CF268EE4CA000F5A2E /* RxSwift */ = {
			isa = XCSwiftPackageProductDependency;
			package = 2359C7CE268EE4CA000F5A2E /* XCRemoteSwiftPackageReference "RxSwift" */;
			productName = RxSwift;
		};
		2359C7D3268EE4CA000F5A2E /* RxRelay */ = {
			isa = XCSwiftPackageProductDependency;
			package = 2359C7CE268EE4CA000F5A2E /* XCRemoteSwiftPackageReference "RxSwift" */;
			productName = RxRelay;
		};
		2359C7D5268EE4CA000F5A2E /* RxCocoa */ = {
			isa = XCSwiftPackageProductDependency;
			package = 2359C7CE268EE4CA000F5A2E /* XCRemoteSwiftPackageReference "RxSwift" */;
			productName = RxCocoa;
		};
		2359C7D7268EE4CA000F5A2E /* RxBlocking */ = {
			isa = XCSwiftPackageProductDependency;
			package = 2359C7CE268EE4CA000F5A2E /* XCRemoteSwiftPackageReference "RxSwift" */;
			productName = RxBlocking;
		};
		2359C7DA268EECB7000F5A2E /* Kingfisher */ = {
			isa = XCSwiftPackageProductDependency;
			package = 2359C7D9268EECB7000F5A2E /* XCRemoteSwiftPackageReference "Kingfisher" */;
			productName = Kingfisher;
		};
		23DA42C52692F4B400EDCD40 /* Realm */ = {
			isa = XCSwiftPackageProductDependency;
			package = 23DA42C42692F4B400EDCD40 /* XCRemoteSwiftPackageReference "realm-cocoa" */;
			productName = Realm;
		};
		23DA42C72692F4B400EDCD40 /* RealmSwift */ = {
			isa = XCSwiftPackageProductDependency;
			package = 23DA42C42692F4B400EDCD40 /* XCRemoteSwiftPackageReference "realm-cocoa" */;
			productName = RealmSwift;
		};
/* End XCSwiftPackageProductDependency section */
	};
	rootObject = 2359C796268ECDC4000F5A2E /* Project object */;
}
